
Microsoft Visual Studio Solution File, Format Version 12.00
# Visual Studio Version 17
VisualStudioVersion = 17.4.33110.190
MinimumVisualStudioVersion = 10.0.40219.1
Project("{FAE04EC0-301F-11D3-BF4B-00C04F79EFBC}") = "New_IDZ", "New_IDZ\New_IDZ.csproj", "{5FF32636-86F3-49EF-B0B2-FE11BCFB748C}"
EndProject
Project("{FAE04EC0-301F-11D3-BF4B-00C04F79EFBC}") = "IProduct", "IProduct\IProduct.csproj", "{87D9070D-7C48-4C75-A838-E8342AF9A86A}"
EndProject
Project("{FAE04EC0-301F-11D3-BF4B-00C04F79EFBC}") = "ProductLibrary", "ProductLibrary\ProductLibrary.csproj", "{991F10B9-0100-42AA-8528-B29AD19630A0}"
EndProject
Project("{FAE04EC0-301F-11D3-BF4B-00C04F79EFBC}") = "ArrayContainer", "ArrayContainer\ArrayContainer.csproj", "{3A12BD08-3622-49C6-B741-D757D81B5AC1}"
EndProject
Global
	GlobalSection(SolutionConfigurationPlatforms) = preSolution
		Debug|Any CPU = Debug|Any CPU
		Release|Any CPU = Release|Any CPU
	EndGlobalSection
	GlobalSection(ProjectConfigurationPlatforms) = postSolution
		{5FF32636-86F3-49EF-B0B2-FE11BCFB748C}.Debug|Any CPU.ActiveCfg = Debug|Any CPU
		{5FF32636-86F3-49EF-B0B2-FE11BCFB748C}.Debug|Any CPU.Build.0 = Debug|Any CPU
		{5FF32636-86F3-49EF-B0B2-FE11BCFB748C}.Release|Any CPU.ActiveCfg = Release|Any CPU
		{5FF32636-86F3-49EF-B0B2-FE11BCFB748C}.Release|Any CPU.Build.0 = Release|Any CPU
		{87D9070D-7C48-4C75-A838-E8342AF9A86A}.Debug|Any CPU.ActiveCfg = Debug|Any CPU
		{87D9070D-7C48-4C75-A838-E8342AF9A86A}.Debug|Any CPU.Build.0 = Debug|Any CPU
		{87D9070D-7C48-4C75-A838-E8342AF9A86A}.Release|Any CPU.ActiveCfg = Release|Any CPU
		{87D9070D-7C48-4C75-A838-E8342AF9A86A}.Release|Any CPU.Build.0 = Release|Any CPU
		{991F10B9-0100-42AA-8528-B29AD19630A0}.Debug|Any CPU.ActiveCfg = Debug|Any CPU
		{991F10B9-0100-42AA-8528-B29AD19630A0}.Debug|Any CPU.Build.0 = Debug|Any CPU
		{991F10B9-0100-42AA-8528-B29AD19630A0}.Release|Any CPU.ActiveCfg = Release|Any CPU
		{991F10B9-0100-42AA-8528-B29AD19630A0}.Release|Any CPU.Build.0 = Release|Any CPU
		{3A12BD08-3622-49C6-B741-D757D81B5AC1}.Debug|Any CPU.ActiveCfg = Debug|Any CPU
		{3A12BD08-3622-49C6-B741-D757D81B5AC1}.Debug|Any CPU.Build.0 = Debug|Any CPU
		{3A12BD08-3622-49C6-B741-D757D81B5AC1}.Release|Any CPU.ActiveCfg = Release|Any CPU
		{3A12BD08-3622-49C6-B741-D757D81B5AC1}.Release|Any CPU.Build.0 = Release|Any CPU
	EndGlobalSection
	GlobalSection(SolutionProperties) = preSolution
		HideSolutionNode = FALSE
	EndGlobalSection
	GlobalSection(ExtensibilityGlobals) = postSolution
		SolutionGuid = {298FBA50-CDDF-48FB-8732-8ABAABEB51C1}
	EndGlobalSection
EndGlobal
